
Microsoft Visual Studio Solution File, Format Version 12.00
# Visual Studio Version 17
VisualStudioVersion = 17.10.35122.118
MinimumVisualStudioVersion = 10.0.40219.1
Project("{8BC9CEB8-8B4A-11D0-8D11-00A0C91BC942}") = "Hazel", "Hazel\Hazel.vcxproj", "{05DA17F8-1366-4AFE-B64F-2BF306451FF8}"
EndProject
Project("{8BC9CEB8-8B4A-11D0-8D11-00A0C91BC942}") = "Sandbox", "Sandbox\Sandbox.vcxproj", "{259E23CF-64F8-4426-B06B-318BA58287E4}"
EndProject
Global
	GlobalSection(SolutionConfigurationPlatforms) = preSolution
		Debug|x64 = Debug|x64
		Release|x64 = Release|x64
	EndGlobalSection
	GlobalSection(ProjectConfigurationPlatforms) = postSolution
		{05DA17F8-1366-4AFE-B64F-2BF306451FF8}.Debug|x64.ActiveCfg = Debug|x64
		{05DA17F8-1366-4AFE-B64F-2BF306451FF8}.Debug|x64.Build.0 = Debug|x64
		{05DA17F8-1366-4AFE-B64F-2BF306451FF8}.Release|x64.ActiveCfg = Release|x64
		{05DA17F8-1366-4AFE-B64F-2BF306451FF8}.Release|x64.Build.0 = Release|x64
		{259E23CF-64F8-4426-B06B-318BA58287E4}.Debug|x64.ActiveCfg = Debug|x64
		{259E23CF-64F8-4426-B06B-318BA58287E4}.Debug|x64.Build.0 = Debug|x64
		{259E23CF-64F8-4426-B06B-318BA58287E4}.Release|x64.ActiveCfg = Release|x64
		{259E23CF-64F8-4426-B06B-318BA58287E4}.Release|x64.Build.0 = Release|x64
	EndGlobalSection
	GlobalSection(SolutionProperties) = preSolution
		HideSolutionNode = FALSE
	EndGlobalSection
	GlobalSection(ExtensibilityGlobals) = postSolution
		SolutionGuid = {557D8472-2B00-4B53-9FE2-014D46AEE462}
	EndGlobalSection
EndGlobal
